
Microsoft Visual Studio Solution File, Format Version 12.00
# Visual Studio Version 17
VisualStudioVersion = 17.0.31903.59
MinimumVisualStudioVersion = 10.0.40219.1
Project("{FAE04EC0-301F-11D3-BF4B-00C04F79EFBC}") = "API", "API\API.csproj", "{BC559190-EE1B-4EEC-A627-7CB112F23B7C}"
EndProject
Project("{FAE04EC0-301F-11D3-BF4B-00C04F79EFBC}") = "Application", "Application\Application.csproj", "{0CFD5C19-625F-4607-B37D-038E684012B1}"
EndProject
Project("{FAE04EC0-301F-11D3-BF4B-00C04F79EFBC}") = "Domain", "Domain\Domain.csproj", "{B46ED728-0685-41B1-B023-FE2B95C6DC68}"
EndProject
Project("{FAE04EC0-301F-11D3-BF4B-00C04F79EFBC}") = "Persistence", "Persistence\Persistence.csproj", "{9D298B4F-395A-4876-855D-4A413788A237}"
EndProject
Global
	GlobalSection(SolutionConfigurationPlatforms) = preSolution
		Debug|Any CPU = Debug|Any CPU
		Release|Any CPU = Release|Any CPU
	EndGlobalSection
	GlobalSection(SolutionProperties) = preSolution
		HideSolutionNode = FALSE
	EndGlobalSection
	GlobalSection(ProjectConfigurationPlatforms) = postSolution
		{BC559190-EE1B-4EEC-A627-7CB112F23B7C}.Debug|Any CPU.ActiveCfg = Debug|Any CPU
		{BC559190-EE1B-4EEC-A627-7CB112F23B7C}.Debug|Any CPU.Build.0 = Debug|Any CPU
		{BC559190-EE1B-4EEC-A627-7CB112F23B7C}.Release|Any CPU.ActiveCfg = Release|Any CPU
		{BC559190-EE1B-4EEC-A627-7CB112F23B7C}.Release|Any CPU.Build.0 = Release|Any CPU
		{0CFD5C19-625F-4607-B37D-038E684012B1}.Debug|Any CPU.ActiveCfg = Debug|Any CPU
		{0CFD5C19-625F-4607-B37D-038E684012B1}.Debug|Any CPU.Build.0 = Debug|Any CPU
		{0CFD5C19-625F-4607-B37D-038E684012B1}.Release|Any CPU.ActiveCfg = Release|Any CPU
		{0CFD5C19-625F-4607-B37D-038E684012B1}.Release|Any CPU.Build.0 = Release|Any CPU
		{B46ED728-0685-41B1-B023-FE2B95C6DC68}.Debug|Any CPU.ActiveCfg = Debug|Any CPU
		{B46ED728-0685-41B1-B023-FE2B95C6DC68}.Debug|Any CPU.Build.0 = Debug|Any CPU
		{B46ED728-0685-41B1-B023-FE2B95C6DC68}.Release|Any CPU.ActiveCfg = Release|Any CPU
		{B46ED728-0685-41B1-B023-FE2B95C6DC68}.Release|Any CPU.Build.0 = Release|Any CPU
		{9D298B4F-395A-4876-855D-4A413788A237}.Debug|Any CPU.ActiveCfg = Debug|Any CPU
		{9D298B4F-395A-4876-855D-4A413788A237}.Debug|Any CPU.Build.0 = Debug|Any CPU
		{9D298B4F-395A-4876-855D-4A413788A237}.Release|Any CPU.ActiveCfg = Release|Any CPU
		{9D298B4F-395A-4876-855D-4A413788A237}.Release|Any CPU.Build.0 = Release|Any CPU
	EndGlobalSection
EndGlobal
